// !$*UTF8*$!
{
	archiveVersion = 1;
	classes = {
	};
	objectVersion = 56;
	objects = {

/* Begin PBXBuildFile section */
		F82C77A62934F9D200FF6F65 /* MoviesCollectionView.swift in Sources */ = {isa = PBXBuildFile; fileRef = F82C77A52934F9D200FF6F65 /* MoviesCollectionView.swift */; };
		F82C77A82935094700FF6F65 /* MovieDetailsView.swift in Sources */ = {isa = PBXBuildFile; fileRef = F82C77A72935094700FF6F65 /* MovieDetailsView.swift */; };
		F82C77AC29350C8C00FF6F65 /* StyledAsyncImage.swift in Sources */ = {isa = PBXBuildFile; fileRef = F82C77AB29350C8C00FF6F65 /* StyledAsyncImage.swift */; };
		F82C77B2293543C000FF6F65 /* BasicViewProperties.swift in Sources */ = {isa = PBXBuildFile; fileRef = F82C77B1293543C000FF6F65 /* BasicViewProperties.swift */; };
		F82C77B42935448D00FF6F65 /* MovieView.swift in Sources */ = {isa = PBXBuildFile; fileRef = F82C77B32935448D00FF6F65 /* MovieView.swift */; };
		F833B8442930E2CC00A824EB /* MyMoviesApp.swift in Sources */ = {isa = PBXBuildFile; fileRef = F833B8432930E2CC00A824EB /* MyMoviesApp.swift */; };
		F833B8462930E2CC00A824EB /* ContentView.swift in Sources */ = {isa = PBXBuildFile; fileRef = F833B8452930E2CC00A824EB /* ContentView.swift */; };
		F833B8482930E2CD00A824EB /* Assets.xcassets in Resources */ = {isa = PBXBuildFile; fileRef = F833B8472930E2CD00A824EB /* Assets.xcassets */; };
		F833B84B2930E2CD00A824EB /* Preview Assets.xcassets in Resources */ = {isa = PBXBuildFile; fileRef = F833B84A2930E2CD00A824EB /* Preview Assets.xcassets */; };
		F833B85F2930E2CD00A824EB /* MyMoviesUITests.swift in Sources */ = {isa = PBXBuildFile; fileRef = F833B85E2930E2CD00A824EB /* MyMoviesUITests.swift */; };
		F833B8612930E2CD00A824EB /* MyMoviesUITestsLaunchTests.swift in Sources */ = {isa = PBXBuildFile; fileRef = F833B8602930E2CD00A824EB /* MyMoviesUITestsLaunchTests.swift */; };
		F83DEBDF2936084300587D21 /* MoviewDetailsView+ViewModel.swift in Sources */ = {isa = PBXBuildFile; fileRef = F83DEBDE2936084300587D21 /* MoviewDetailsView+ViewModel.swift */; };
		F83DEBE229360D9500587D21 /* PathComponentParameterName.swift in Sources */ = {isa = PBXBuildFile; fileRef = F83DEBE129360D9500587D21 /* PathComponentParameterName.swift */; };
		F83DEBE429360EBD00587D21 /* PathComponentParameterName+Movies.swift in Sources */ = {isa = PBXBuildFile; fileRef = F83DEBE329360EBD00587D21 /* PathComponentParameterName+Movies.swift */; };
		F83DEBE62936166D00587D21 /* PathComponentParameter.swift in Sources */ = {isa = PBXBuildFile; fileRef = F83DEBE52936166D00587D21 /* PathComponentParameter.swift */; };
		F83DEBE829361CEE00587D21 /* MovieDetails.swift in Sources */ = {isa = PBXBuildFile; fileRef = F83DEBE729361CEE00587D21 /* MovieDetails.swift */; };
		F8A440CD29328F150041E4A0 /* DataFetching.swift in Sources */ = {isa = PBXBuildFile; fileRef = F8A440CC29328F150041E4A0 /* DataFetching.swift */; };
		F8A440CF29328F8C0041E4A0 /* NetworkEndpoint.swift in Sources */ = {isa = PBXBuildFile; fileRef = F8A440CE29328F8C0041E4A0 /* NetworkEndpoint.swift */; };
		F8A440D32932916C0041E4A0 /* CoreError.swift in Sources */ = {isa = PBXBuildFile; fileRef = F8A440D22932916C0041E4A0 /* CoreError.swift */; };
		F8A440D5293295090041E4A0 /* RequestParameters.swift in Sources */ = {isa = PBXBuildFile; fileRef = F8A440D4293295090041E4A0 /* RequestParameters.swift */; };
		F8A440D8293296180041E4A0 /* AppConfigurable.swift in Sources */ = {isa = PBXBuildFile; fileRef = F8A440D7293296180041E4A0 /* AppConfigurable.swift */; };
		F8A440DA293296910041E4A0 /* AppConfiguration.swift in Sources */ = {isa = PBXBuildFile; fileRef = F8A440D9293296910041E4A0 /* AppConfiguration.swift */; };
		F8A440DC2932992A0041E4A0 /* SessionAuthenticating.swift in Sources */ = {isa = PBXBuildFile; fileRef = F8A440DB2932992A0041E4A0 /* SessionAuthenticating.swift */; };
		F8A440DE293299AA0041E4A0 /* SessionAuthenticator.swift in Sources */ = {isa = PBXBuildFile; fileRef = F8A440DD293299AA0041E4A0 /* SessionAuthenticator.swift */; };
		F8A440E02932AEF60041E4A0 /* DataFetcher.swift in Sources */ = {isa = PBXBuildFile; fileRef = F8A440DF2932AEF60041E4A0 /* DataFetcher.swift */; };
		F8A440E42932B3EC0041E4A0 /* NetworkEndpoint+Movies.swift in Sources */ = {isa = PBXBuildFile; fileRef = F8A440E32932B3EC0041E4A0 /* NetworkEndpoint+Movies.swift */; };
		F8A440E62932B6500041E4A0 /* moviedbtoken.txt in Resources */ = {isa = PBXBuildFile; fileRef = F8A440E52932B6500041E4A0 /* moviedbtoken.txt */; };
		F8A440E82932B8B20041E4A0 /* Movies.swift in Sources */ = {isa = PBXBuildFile; fileRef = F8A440E72932B8B10041E4A0 /* Movies.swift */; };
		F8A440EF2932BD8B0041E4A0 /* DataFetcherTests.swift in Sources */ = {isa = PBXBuildFile; fileRef = F8A440EE2932BD8B0041E4A0 /* DataFetcherTests.swift */; };
		F8A440F12932BE170041E4A0 /* RequestParametersTests.swift in Sources */ = {isa = PBXBuildFile; fileRef = F8A440F02932BE170041E4A0 /* RequestParametersTests.swift */; };
		F8A440F42932C49F0041E4A0 /* MockAuthenticator.swift in Sources */ = {isa = PBXBuildFile; fileRef = F8A440F32932C49F0041E4A0 /* MockAuthenticator.swift */; };
		F8A440F92932C7B10041E4A0 /* person.json in Resources */ = {isa = PBXBuildFile; fileRef = F8A440F82932C7B10041E4A0 /* person.json */; };
		F8A440FC2932C7CA0041E4A0 /* Person.swift in Sources */ = {isa = PBXBuildFile; fileRef = F8A440FB2932C7CA0041E4A0 /* Person.swift */; };
		F8A441002932C8880041E4A0 /* MockAppConfiguration.swift in Sources */ = {isa = PBXBuildFile; fileRef = F8A440FF2932C8880041E4A0 /* MockAppConfiguration.swift */; };
		F8A4410529338BF30041E4A0 /* Localizable.strings in Resources */ = {isa = PBXBuildFile; fileRef = F8A4410429338BF30041E4A0 /* Localizable.strings */; };
		F8A4410A2933A4BE0041E4A0 /* ImageAndText.swift in Sources */ = {isa = PBXBuildFile; fileRef = F8A441092933A4BE0041E4A0 /* ImageAndText.swift */; };
		F8A4410C2933A5FA0041E4A0 /* ImageOverlay.swift in Sources */ = {isa = PBXBuildFile; fileRef = F8A4410B2933A5FA0041E4A0 /* ImageOverlay.swift */; };
		F8A441102933AFA20041E4A0 /* MoviesView+ViewModel.swift in Sources */ = {isa = PBXBuildFile; fileRef = F8A4410F2933AFA20041E4A0 /* MoviesView+ViewModel.swift */; };
		F8A441122933B5BB0041E4A0 /* Movie.swift in Sources */ = {isa = PBXBuildFile; fileRef = F8A441112933B5BB0041E4A0 /* Movie.swift */; };
		F8C38AC7293275680005540A /* MoviesView.swift in Sources */ = {isa = PBXBuildFile; fileRef = F8C38AC6293275680005540A /* MoviesView.swift */; };
		F8C38AC9293276A00005540A /* FavoritesView.swift in Sources */ = {isa = PBXBuildFile; fileRef = F8C38AC8293276A00005540A /* FavoritesView.swift */; };
		F8C38ACB293277330005540A /* TabsView.swift in Sources */ = {isa = PBXBuildFile; fileRef = F8C38ACA293277330005540A /* TabsView.swift */; };
/* End PBXBuildFile section */

/* Begin PBXContainerItemProxy section */
		F833B8512930E2CD00A824EB /* PBXContainerItemProxy */ = {
			isa = PBXContainerItemProxy;
			containerPortal = F833B8382930E2CC00A824EB /* Project object */;
			proxyType = 1;
			remoteGlobalIDString = F833B83F2930E2CC00A824EB;
			remoteInfo = MyMovies;
		};
		F833B85B2930E2CD00A824EB /* PBXContainerItemProxy */ = {
			isa = PBXContainerItemProxy;
			containerPortal = F833B8382930E2CC00A824EB /* Project object */;
			proxyType = 1;
			remoteGlobalIDString = F833B83F2930E2CC00A824EB;
			remoteInfo = MyMovies;
		};
/* End PBXContainerItemProxy section */

/* Begin PBXFileReference section */
		F82C77A52934F9D200FF6F65 /* MoviesCollectionView.swift */ = {isa = PBXFileReference; lastKnownFileType = sourcecode.swift; path = MoviesCollectionView.swift; sourceTree = "<group>"; };
		F82C77A72935094700FF6F65 /* MovieDetailsView.swift */ = {isa = PBXFileReference; lastKnownFileType = sourcecode.swift; path = MovieDetailsView.swift; sourceTree = "<group>"; };
		F82C77AB29350C8C00FF6F65 /* StyledAsyncImage.swift */ = {isa = PBXFileReference; lastKnownFileType = sourcecode.swift; path = StyledAsyncImage.swift; sourceTree = "<group>"; };
		F82C77B1293543C000FF6F65 /* BasicViewProperties.swift */ = {isa = PBXFileReference; lastKnownFileType = sourcecode.swift; path = BasicViewProperties.swift; sourceTree = "<group>"; };
		F82C77B32935448D00FF6F65 /* MovieView.swift */ = {isa = PBXFileReference; lastKnownFileType = sourcecode.swift; path = MovieView.swift; sourceTree = "<group>"; };
		F833B8402930E2CC00A824EB /* MyMovies.app */ = {isa = PBXFileReference; explicitFileType = wrapper.application; includeInIndex = 0; path = MyMovies.app; sourceTree = BUILT_PRODUCTS_DIR; };
		F833B8432930E2CC00A824EB /* MyMoviesApp.swift */ = {isa = PBXFileReference; lastKnownFileType = sourcecode.swift; path = MyMoviesApp.swift; sourceTree = "<group>"; };
		F833B8452930E2CC00A824EB /* ContentView.swift */ = {isa = PBXFileReference; lastKnownFileType = sourcecode.swift; path = ContentView.swift; sourceTree = "<group>"; };
		F833B8472930E2CD00A824EB /* Assets.xcassets */ = {isa = PBXFileReference; lastKnownFileType = folder.assetcatalog; path = Assets.xcassets; sourceTree = "<group>"; };
		F833B84A2930E2CD00A824EB /* Preview Assets.xcassets */ = {isa = PBXFileReference; lastKnownFileType = folder.assetcatalog; path = "Preview Assets.xcassets"; sourceTree = "<group>"; };
		F833B8502930E2CD00A824EB /* MyMoviesTests.xctest */ = {isa = PBXFileReference; explicitFileType = wrapper.cfbundle; includeInIndex = 0; path = MyMoviesTests.xctest; sourceTree = BUILT_PRODUCTS_DIR; };
		F833B85A2930E2CD00A824EB /* MyMoviesUITests.xctest */ = {isa = PBXFileReference; explicitFileType = wrapper.cfbundle; includeInIndex = 0; path = MyMoviesUITests.xctest; sourceTree = BUILT_PRODUCTS_DIR; };
		F833B85E2930E2CD00A824EB /* MyMoviesUITests.swift */ = {isa = PBXFileReference; lastKnownFileType = sourcecode.swift; path = MyMoviesUITests.swift; sourceTree = "<group>"; };
		F833B8602930E2CD00A824EB /* MyMoviesUITestsLaunchTests.swift */ = {isa = PBXFileReference; lastKnownFileType = sourcecode.swift; path = MyMoviesUITestsLaunchTests.swift; sourceTree = "<group>"; };
		F83DEBDE2936084300587D21 /* MoviewDetailsView+ViewModel.swift */ = {isa = PBXFileReference; lastKnownFileType = sourcecode.swift; path = "MoviewDetailsView+ViewModel.swift"; sourceTree = "<group>"; };
		F83DEBE129360D9500587D21 /* PathComponentParameterName.swift */ = {isa = PBXFileReference; lastKnownFileType = sourcecode.swift; path = PathComponentParameterName.swift; sourceTree = "<group>"; };
		F83DEBE329360EBD00587D21 /* PathComponentParameterName+Movies.swift */ = {isa = PBXFileReference; lastKnownFileType = sourcecode.swift; path = "PathComponentParameterName+Movies.swift"; sourceTree = "<group>"; };
		F83DEBE52936166D00587D21 /* PathComponentParameter.swift */ = {isa = PBXFileReference; lastKnownFileType = sourcecode.swift; path = PathComponentParameter.swift; sourceTree = "<group>"; };
		F83DEBE729361CEE00587D21 /* MovieDetails.swift */ = {isa = PBXFileReference; lastKnownFileType = sourcecode.swift; path = MovieDetails.swift; sourceTree = "<group>"; };
		F8A440CC29328F150041E4A0 /* DataFetching.swift */ = {isa = PBXFileReference; lastKnownFileType = sourcecode.swift; path = DataFetching.swift; sourceTree = "<group>"; };
		F8A440CE29328F8C0041E4A0 /* NetworkEndpoint.swift */ = {isa = PBXFileReference; lastKnownFileType = sourcecode.swift; path = NetworkEndpoint.swift; sourceTree = "<group>"; };
		F8A440D22932916C0041E4A0 /* CoreError.swift */ = {isa = PBXFileReference; lastKnownFileType = sourcecode.swift; path = CoreError.swift; sourceTree = "<group>"; };
		F8A440D4293295090041E4A0 /* RequestParameters.swift */ = {isa = PBXFileReference; lastKnownFileType = sourcecode.swift; path = RequestParameters.swift; sourceTree = "<group>"; };
		F8A440D7293296180041E4A0 /* AppConfigurable.swift */ = {isa = PBXFileReference; lastKnownFileType = sourcecode.swift; path = AppConfigurable.swift; sourceTree = "<group>"; };
		F8A440D9293296910041E4A0 /* AppConfiguration.swift */ = {isa = PBXFileReference; lastKnownFileType = sourcecode.swift; path = AppConfiguration.swift; sourceTree = "<group>"; };
		F8A440DB2932992A0041E4A0 /* SessionAuthenticating.swift */ = {isa = PBXFileReference; lastKnownFileType = sourcecode.swift; path = SessionAuthenticating.swift; sourceTree = "<group>"; };
		F8A440DD293299AA0041E4A0 /* SessionAuthenticator.swift */ = {isa = PBXFileReference; lastKnownFileType = sourcecode.swift; path = SessionAuthenticator.swift; sourceTree = "<group>"; };
		F8A440DF2932AEF60041E4A0 /* DataFetcher.swift */ = {isa = PBXFileReference; lastKnownFileType = sourcecode.swift; path = DataFetcher.swift; sourceTree = "<group>"; };
		F8A440E32932B3EC0041E4A0 /* NetworkEndpoint+Movies.swift */ = {isa = PBXFileReference; lastKnownFileType = sourcecode.swift; path = "NetworkEndpoint+Movies.swift"; sourceTree = "<group>"; };
		F8A440E52932B6500041E4A0 /* moviedbtoken.txt */ = {isa = PBXFileReference; fileEncoding = 4; lastKnownFileType = text; name = moviedbtoken.txt; path = MyMovies/Resources/moviedbtoken.txt; sourceTree = SOURCE_ROOT; };
		F8A440E72932B8B10041E4A0 /* Movies.swift */ = {isa = PBXFileReference; lastKnownFileType = sourcecode.swift; path = Movies.swift; sourceTree = "<group>"; };
		F8A440EE2932BD8B0041E4A0 /* DataFetcherTests.swift */ = {isa = PBXFileReference; lastKnownFileType = sourcecode.swift; path = DataFetcherTests.swift; sourceTree = "<group>"; };
		F8A440F02932BE170041E4A0 /* RequestParametersTests.swift */ = {isa = PBXFileReference; lastKnownFileType = sourcecode.swift; path = RequestParametersTests.swift; sourceTree = "<group>"; };
		F8A440F32932C49F0041E4A0 /* MockAuthenticator.swift */ = {isa = PBXFileReference; lastKnownFileType = sourcecode.swift; path = MockAuthenticator.swift; sourceTree = "<group>"; };
		F8A440F82932C7B10041E4A0 /* person.json */ = {isa = PBXFileReference; fileEncoding = 4; lastKnownFileType = text.json; path = person.json; sourceTree = "<group>"; };
		F8A440FB2932C7CA0041E4A0 /* Person.swift */ = {isa = PBXFileReference; lastKnownFileType = sourcecode.swift; path = Person.swift; sourceTree = "<group>"; };
		F8A440FF2932C8880041E4A0 /* MockAppConfiguration.swift */ = {isa = PBXFileReference; lastKnownFileType = sourcecode.swift; path = MockAppConfiguration.swift; sourceTree = "<group>"; };
		F8A4410429338BF30041E4A0 /* Localizable.strings */ = {isa = PBXFileReference; lastKnownFileType = text.plist.strings; path = Localizable.strings; sourceTree = "<group>"; };
		F8A441092933A4BE0041E4A0 /* ImageAndText.swift */ = {isa = PBXFileReference; lastKnownFileType = sourcecode.swift; path = ImageAndText.swift; sourceTree = "<group>"; };
		F8A4410B2933A5FA0041E4A0 /* ImageOverlay.swift */ = {isa = PBXFileReference; lastKnownFileType = sourcecode.swift; path = ImageOverlay.swift; sourceTree = "<group>"; };
		F8A4410F2933AFA20041E4A0 /* MoviesView+ViewModel.swift */ = {isa = PBXFileReference; lastKnownFileType = sourcecode.swift; path = "MoviesView+ViewModel.swift"; sourceTree = "<group>"; };
		F8A441112933B5BB0041E4A0 /* Movie.swift */ = {isa = PBXFileReference; lastKnownFileType = sourcecode.swift; path = Movie.swift; sourceTree = "<group>"; };
		F8C38AC6293275680005540A /* MoviesView.swift */ = {isa = PBXFileReference; lastKnownFileType = sourcecode.swift; path = MoviesView.swift; sourceTree = "<group>"; };
		F8C38AC8293276A00005540A /* FavoritesView.swift */ = {isa = PBXFileReference; lastKnownFileType = sourcecode.swift; path = FavoritesView.swift; sourceTree = "<group>"; };
		F8C38ACA293277330005540A /* TabsView.swift */ = {isa = PBXFileReference; lastKnownFileType = sourcecode.swift; path = TabsView.swift; sourceTree = "<group>"; };
/* End PBXFileReference section */

/* Begin PBXFrameworksBuildPhase section */
		F833B83D2930E2CC00A824EB /* Frameworks */ = {
			isa = PBXFrameworksBuildPhase;
			buildActionMask = 2147483647;
			files = (
			);
			runOnlyForDeploymentPostprocessing = 0;
		};
		F833B84D2930E2CD00A824EB /* Frameworks */ = {
			isa = PBXFrameworksBuildPhase;
			buildActionMask = 2147483647;
			files = (
			);
			runOnlyForDeploymentPostprocessing = 0;
		};
		F833B8572930E2CD00A824EB /* Frameworks */ = {
			isa = PBXFrameworksBuildPhase;
			buildActionMask = 2147483647;
			files = (
			);
			runOnlyForDeploymentPostprocessing = 0;
		};
/* End PBXFrameworksBuildPhase section */

/* Begin PBXGroup section */
		F82C77B02935430A00FF6F65 /* Protocols */ = {
			isa = PBXGroup;
			children = (
				F82C77B1293543C000FF6F65 /* BasicViewProperties.swift */,
			);
			path = Protocols;
			sourceTree = "<group>";
		};
		F833B8372930E2CC00A824EB = {
			isa = PBXGroup;
			children = (
				F833B8422930E2CC00A824EB /* MyMovies */,
				F833B8532930E2CD00A824EB /* MyMoviesTests */,
				F833B85D2930E2CD00A824EB /* MyMoviesUITests */,
				F833B8412930E2CC00A824EB /* Products */,
			);
			sourceTree = "<group>";
		};
		F833B8412930E2CC00A824EB /* Products */ = {
			isa = PBXGroup;
			children = (
				F833B8402930E2CC00A824EB /* MyMovies.app */,
				F833B8502930E2CD00A824EB /* MyMoviesTests.xctest */,
				F833B85A2930E2CD00A824EB /* MyMoviesUITests.xctest */,
			);
			name = Products;
			sourceTree = "<group>";
		};
		F833B8422930E2CC00A824EB /* MyMovies */ = {
			isa = PBXGroup;
			children = (
				F833B8452930E2CC00A824EB /* ContentView.swift */,
				F833B8432930E2CC00A824EB /* MyMoviesApp.swift */,
				F8C38AB2293257310005540A /* Source */,
				F8A4410329338B460041E4A0 /* Resources */,
				F833B8492930E2CD00A824EB /* Preview Content */,
			);
			path = MyMovies;
			sourceTree = "<group>";
		};
		F833B8492930E2CD00A824EB /* Preview Content */ = {
			isa = PBXGroup;
			children = (
				F833B84A2930E2CD00A824EB /* Preview Assets.xcassets */,
			);
			path = "Preview Content";
			sourceTree = "<group>";
		};
		F833B8532930E2CD00A824EB /* MyMoviesTests */ = {
			isa = PBXGroup;
			children = (
				F8A440E92932BCC40041E4A0 /* Core */,
				F8A440EA2932BCCA0041E4A0 /* Modules */,
			);
			path = MyMoviesTests;
			sourceTree = "<group>";
		};
		F833B85D2930E2CD00A824EB /* MyMoviesUITests */ = {
			isa = PBXGroup;
			children = (
				F833B85E2930E2CD00A824EB /* MyMoviesUITests.swift */,
				F833B8602930E2CD00A824EB /* MyMoviesUITestsLaunchTests.swift */,
			);
			path = MyMoviesUITests;
			sourceTree = "<group>";
		};
		F83DEBDC293607E900587D21 /* Collections */ = {
			isa = PBXGroup;
			children = (
				F82C77A52934F9D200FF6F65 /* MoviesCollectionView.swift */,
				F82C77B32935448D00FF6F65 /* MovieView.swift */,
				F8C38AC6293275680005540A /* MoviesView.swift */,
				F8A4410F2933AFA20041E4A0 /* MoviesView+ViewModel.swift */,
			);
			path = Collections;
			sourceTree = "<group>";
		};
		F83DEBDD293607FC00587D21 /* Details */ = {
			isa = PBXGroup;
			children = (
				F82C77A72935094700FF6F65 /* MovieDetailsView.swift */,
				F83DEBDE2936084300587D21 /* MoviewDetailsView+ViewModel.swift */,
			);
			path = Details;
			sourceTree = "<group>";
		};
		F8A440C829328C9B0041E4A0 /* Views */ = {
			isa = PBXGroup;
			children = (
				F8A441092933A4BE0041E4A0 /* ImageAndText.swift */,
				F8A4410B2933A5FA0041E4A0 /* ImageOverlay.swift */,
				F82C77AB29350C8C00FF6F65 /* StyledAsyncImage.swift */,
			);
			path = Views;
			sourceTree = "<group>";
		};
		F8A440C929328CB50041E4A0 /* Models */ = {
			isa = PBXGroup;
			children = (
				F8A441112933B5BB0041E4A0 /* Movie.swift */,
				F83DEBE729361CEE00587D21 /* MovieDetails.swift */,
				F8A440E72932B8B10041E4A0 /* Movies.swift */,
			);
			path = Models;
			sourceTree = "<group>";
		};
		F8A440D1293291500041E4A0 /* Errors */ = {
			isa = PBXGroup;
			children = (
				F8A440D22932916C0041E4A0 /* CoreError.swift */,
			);
			path = Errors;
			sourceTree = "<group>";
		};
		F8A440D6293295F50041E4A0 /* Configuration */ = {
			isa = PBXGroup;
			children = (
				F8A440D7293296180041E4A0 /* AppConfigurable.swift */,
				F8A440D9293296910041E4A0 /* AppConfiguration.swift */,
			);
			path = Configuration;
			sourceTree = "<group>";
		};
		F8A440E12932B3A20041E4A0 /* Models */ = {
			isa = PBXGroup;
			children = (
				F8A440E32932B3EC0041E4A0 /* NetworkEndpoint+Movies.swift */,
				F83DEBE329360EBD00587D21 /* PathComponentParameterName+Movies.swift */,
			);
			path = Models;
			sourceTree = "<group>";
		};
		F8A440E92932BCC40041E4A0 /* Core */ = {
			isa = PBXGroup;
			children = (
				F8A440FD2932C86C0041E4A0 /* Configuration */,
				F8A440F22932C25C0041E4A0 /* Authentication */,
				F8A440ED2932BD160041E4A0 /* Networking */,
			);
			path = Core;
			sourceTree = "<group>";
		};
		F8A440EA2932BCCA0041E4A0 /* Modules */ = {
			isa = PBXGroup;
			children = (
				F8A440EB2932BCDF0041E4A0 /* Favorites */,
				F8A440EC2932BCEC0041E4A0 /* Movies */,
			);
			path = Modules;
			sourceTree = "<group>";
		};
		F8A440EB2932BCDF0041E4A0 /* Favorites */ = {
			isa = PBXGroup;
			children = (
			);
			path = Favorites;
			sourceTree = "<group>";
		};
		F8A440EC2932BCEC0041E4A0 /* Movies */ = {
			isa = PBXGroup;
			children = (
			);
			path = Movies;
			sourceTree = "<group>";
		};
		F8A440ED2932BD160041E4A0 /* Networking */ = {
			isa = PBXGroup;
			children = (
				F8A440F72932C6780041E4A0 /* Fixtures */,
				F8A440FA2932C7B90041E4A0 /* Models */,
				F8A440F62932C52F0041E4A0 /* Mocks */,
				F8A440EE2932BD8B0041E4A0 /* DataFetcherTests.swift */,
				F8A440F02932BE170041E4A0 /* RequestParametersTests.swift */,
			);
			path = Networking;
			sourceTree = "<group>";
		};
		F8A440F22932C25C0041E4A0 /* Authentication */ = {
			isa = PBXGroup;
			children = (
				F8A440F52932C5210041E4A0 /* Mocks */,
			);
			path = Authentication;
			sourceTree = "<group>";
		};
		F8A440F52932C5210041E4A0 /* Mocks */ = {
			isa = PBXGroup;
			children = (
				F8A440F32932C49F0041E4A0 /* MockAuthenticator.swift */,
			);
			path = Mocks;
			sourceTree = "<group>";
		};
		F8A440F62932C52F0041E4A0 /* Mocks */ = {
			isa = PBXGroup;
			children = (
			);
			path = Mocks;
			sourceTree = "<group>";
		};
		F8A440F72932C6780041E4A0 /* Fixtures */ = {
			isa = PBXGroup;
			children = (
				F8A440F82932C7B10041E4A0 /* person.json */,
			);
			path = Fixtures;
			sourceTree = "<group>";
		};
		F8A440FA2932C7B90041E4A0 /* Models */ = {
			isa = PBXGroup;
			children = (
				F8A440FB2932C7CA0041E4A0 /* Person.swift */,
			);
			path = Models;
			sourceTree = "<group>";
		};
		F8A440FD2932C86C0041E4A0 /* Configuration */ = {
			isa = PBXGroup;
			children = (
				F8A440FE2932C8750041E4A0 /* Mocks */,
			);
			path = Configuration;
			sourceTree = "<group>";
		};
		F8A440FE2932C8750041E4A0 /* Mocks */ = {
			isa = PBXGroup;
			children = (
				F8A440FF2932C8880041E4A0 /* MockAppConfiguration.swift */,
			);
			path = Mocks;
			sourceTree = "<group>";
		};
		F8A4410329338B460041E4A0 /* Resources */ = {
			isa = PBXGroup;
			children = (
				F8A440E52932B6500041E4A0 /* moviedbtoken.txt */,
				F833B8472930E2CD00A824EB /* Assets.xcassets */,
				F8A4410429338BF30041E4A0 /* Localizable.strings */,
			);
			path = Resources;
			sourceTree = "<group>";
		};
		F8A4410729338D320041E4A0 /* Models */ = {
			isa = PBXGroup;
			children = (
			);
			path = Models;
			sourceTree = "<group>";
		};
		F8A4410829338D3C0041E4A0 /* ViewModels */ = {
			isa = PBXGroup;
			children = (
			);
			path = ViewModels;
			sourceTree = "<group>";
		};
		F8C38AB2293257310005540A /* Source */ = {
			isa = PBXGroup;
			children = (
				F8C38AB32932573B0005540A /* Shared */,
				F8C38AB4293257470005540A /* Modules */,
			);
			path = Source;
			sourceTree = "<group>";
		};
		F8C38AB32932573B0005540A /* Shared */ = {
			isa = PBXGroup;
			children = (
				F8C38ABD2932723C0005540A /* Authentication */,
				F8A440D6293295F50041E4A0 /* Configuration */,
				F8C38ABF2932725C0005540A /* Extensions */,
				F8A440D1293291500041E4A0 /* Errors */,
				F8A440C929328CB50041E4A0 /* Models */,
				F8C38ABE293272450005540A /* Networking */,
				F82C77B02935430A00FF6F65 /* Protocols */,
				F8A440C829328C9B0041E4A0 /* Views */,
			);
			path = Shared;
			sourceTree = "<group>";
		};
		F8C38AB4293257470005540A /* Modules */ = {
			isa = PBXGroup;
			children = (
				F8C38AC22932746A0005540A /* Favorites */,
				F8C38AC1293274580005540A /* Movies */,
				F8C38AC02932744F0005540A /* Tabs */,
			);
			path = Modules;
			sourceTree = "<group>";
		};
		F8C38ABD2932723C0005540A /* Authentication */ = {
			isa = PBXGroup;
			children = (
				F8A440DB2932992A0041E4A0 /* SessionAuthenticating.swift */,
				F8A440DD293299AA0041E4A0 /* SessionAuthenticator.swift */,
			);
			path = Authentication;
			sourceTree = "<group>";
		};
		F8C38ABE293272450005540A /* Networking */ = {
			isa = PBXGroup;
			children = (
				F8A440CC29328F150041E4A0 /* DataFetching.swift */,
				F8A440DF2932AEF60041E4A0 /* DataFetcher.swift */,
				F8A440CE29328F8C0041E4A0 /* NetworkEndpoint.swift */,
				F8A440D4293295090041E4A0 /* RequestParameters.swift */,
				F83DEBE129360D9500587D21 /* PathComponentParameterName.swift */,
				F83DEBE52936166D00587D21 /* PathComponentParameter.swift */,
			);
			path = Networking;
			sourceTree = "<group>";
		};
		F8C38ABF2932725C0005540A /* Extensions */ = {
			isa = PBXGroup;
			children = (
			);
			path = Extensions;
			sourceTree = "<group>";
		};
		F8C38AC02932744F0005540A /* Tabs */ = {
			isa = PBXGroup;
			children = (
				F8C38AC5293274AC0005540A /* Views */,
			);
			path = Tabs;
			sourceTree = "<group>";
		};
		F8C38AC1293274580005540A /* Movies */ = {
			isa = PBXGroup;
			children = (
				F8A440E12932B3A20041E4A0 /* Models */,
				F8C38AC4293274A40005540A /* Views */,
			);
			path = Movies;
			sourceTree = "<group>";
		};
		F8C38AC22932746A0005540A /* Favorites */ = {
			isa = PBXGroup;
			children = (
				F8A4410729338D320041E4A0 /* Models */,
				F8A4410829338D3C0041E4A0 /* ViewModels */,
				F8C38AC32932749B0005540A /* Views */,
			);
			path = Favorites;
			sourceTree = "<group>";
		};
		F8C38AC32932749B0005540A /* Views */ = {
			isa = PBXGroup;
			children = (
				F8C38AC8293276A00005540A /* FavoritesView.swift */,
			);
			path = Views;
			sourceTree = "<group>";
		};
		F8C38AC4293274A40005540A /* Views */ = {
			isa = PBXGroup;
			children = (
				F83DEBDD293607FC00587D21 /* Details */,
				F83DEBDC293607E900587D21 /* Collections */,
			);
			path = Views;
			sourceTree = "<group>";
		};
		F8C38AC5293274AC0005540A /* Views */ = {
			isa = PBXGroup;
			children = (
				F8C38ACA293277330005540A /* TabsView.swift */,
			);
			path = Views;
			sourceTree = "<group>";
		};
/* End PBXGroup section */

/* Begin PBXNativeTarget section */
		F833B83F2930E2CC00A824EB /* MyMovies */ = {
			isa = PBXNativeTarget;
			buildConfigurationList = F833B8642930E2CD00A824EB /* Build configuration list for PBXNativeTarget "MyMovies" */;
			buildPhases = (
				F833B83C2930E2CC00A824EB /* Sources */,
				F833B83D2930E2CC00A824EB /* Frameworks */,
				F833B83E2930E2CC00A824EB /* Resources */,
			);
			buildRules = (
			);
			dependencies = (
			);
			name = MyMovies;
			packageProductDependencies = (
			);
			productName = MyMovies;
			productReference = F833B8402930E2CC00A824EB /* MyMovies.app */;
			productType = "com.apple.product-type.application";
		};
		F833B84F2930E2CD00A824EB /* MyMoviesTests */ = {
			isa = PBXNativeTarget;
			buildConfigurationList = F833B8672930E2CD00A824EB /* Build configuration list for PBXNativeTarget "MyMoviesTests" */;
			buildPhases = (
				F833B84C2930E2CD00A824EB /* Sources */,
				F833B84D2930E2CD00A824EB /* Frameworks */,
				F833B84E2930E2CD00A824EB /* Resources */,
			);
			buildRules = (
			);
			dependencies = (
				F833B8522930E2CD00A824EB /* PBXTargetDependency */,
			);
			name = MyMoviesTests;
			productName = MyMoviesTests;
			productReference = F833B8502930E2CD00A824EB /* MyMoviesTests.xctest */;
			productType = "com.apple.product-type.bundle.unit-test";
		};
		F833B8592930E2CD00A824EB /* MyMoviesUITests */ = {
			isa = PBXNativeTarget;
			buildConfigurationList = F833B86A2930E2CD00A824EB /* Build configuration list for PBXNativeTarget "MyMoviesUITests" */;
			buildPhases = (
				F833B8562930E2CD00A824EB /* Sources */,
				F833B8572930E2CD00A824EB /* Frameworks */,
				F833B8582930E2CD00A824EB /* Resources */,
			);
			buildRules = (
			);
			dependencies = (
				F833B85C2930E2CD00A824EB /* PBXTargetDependency */,
			);
			name = MyMoviesUITests;
			productName = MyMoviesUITests;
			productReference = F833B85A2930E2CD00A824EB /* MyMoviesUITests.xctest */;
			productType = "com.apple.product-type.bundle.ui-testing";
		};
/* End PBXNativeTarget section */

/* Begin PBXProject section */
		F833B8382930E2CC00A824EB /* Project object */ = {
			isa = PBXProject;
			attributes = {
				BuildIndependentTargetsInParallel = 1;
				LastSwiftUpdateCheck = 1400;
				LastUpgradeCheck = 1400;
				TargetAttributes = {
					F833B83F2930E2CC00A824EB = {
						CreatedOnToolsVersion = 14.0.1;
					};
					F833B84F2930E2CD00A824EB = {
						CreatedOnToolsVersion = 14.0.1;
						TestTargetID = F833B83F2930E2CC00A824EB;
					};
					F833B8592930E2CD00A824EB = {
						CreatedOnToolsVersion = 14.0.1;
						TestTargetID = F833B83F2930E2CC00A824EB;
					};
				};
			};
			buildConfigurationList = F833B83B2930E2CC00A824EB /* Build configuration list for PBXProject "MyMovies" */;
			compatibilityVersion = "Xcode 14.0";
			developmentRegion = en;
			hasScannedForEncodings = 0;
			knownRegions = (
				en,
				Base,
			);
			mainGroup = F833B8372930E2CC00A824EB;
			packageReferences = (
			);
			productRefGroup = F833B8412930E2CC00A824EB /* Products */;
			projectDirPath = "";
			projectRoot = "";
			targets = (
				F833B83F2930E2CC00A824EB /* MyMovies */,
				F833B84F2930E2CD00A824EB /* MyMoviesTests */,
				F833B8592930E2CD00A824EB /* MyMoviesUITests */,
			);
		};
/* End PBXProject section */

/* Begin PBXResourcesBuildPhase section */
		F833B83E2930E2CC00A824EB /* Resources */ = {
			isa = PBXResourcesBuildPhase;
			buildActionMask = 2147483647;
			files = (
				F8A440E62932B6500041E4A0 /* moviedbtoken.txt in Resources */,
				F8A4410529338BF30041E4A0 /* Localizable.strings in Resources */,
				F833B84B2930E2CD00A824EB /* Preview Assets.xcassets in Resources */,
				F833B8482930E2CD00A824EB /* Assets.xcassets in Resources */,
			);
			runOnlyForDeploymentPostprocessing = 0;
		};
		F833B84E2930E2CD00A824EB /* Resources */ = {
			isa = PBXResourcesBuildPhase;
			buildActionMask = 2147483647;
			files = (
				F8A440F92932C7B10041E4A0 /* person.json in Resources */,
			);
			runOnlyForDeploymentPostprocessing = 0;
		};
		F833B8582930E2CD00A824EB /* Resources */ = {
			isa = PBXResourcesBuildPhase;
			buildActionMask = 2147483647;
			files = (
			);
			runOnlyForDeploymentPostprocessing = 0;
		};
/* End PBXResourcesBuildPhase section */

/* Begin PBXSourcesBuildPhase section */
		F833B83C2930E2CC00A824EB /* Sources */ = {
			isa = PBXSourcesBuildPhase;
			buildActionMask = 2147483647;
			files = (
				F8A4410A2933A4BE0041E4A0 /* ImageAndText.swift in Sources */,
				F82C77B2293543C000FF6F65 /* BasicViewProperties.swift in Sources */,
				F8A440E42932B3EC0041E4A0 /* NetworkEndpoint+Movies.swift in Sources */,
				F82C77A82935094700FF6F65 /* MovieDetailsView.swift in Sources */,
				F8A440E02932AEF60041E4A0 /* DataFetcher.swift in Sources */,
				F83DEBDF2936084300587D21 /* MoviewDetailsView+ViewModel.swift in Sources */,
				F82C77B42935448D00FF6F65 /* MovieView.swift in Sources */,
				F8A440D32932916C0041E4A0 /* CoreError.swift in Sources */,
				F83DEBE429360EBD00587D21 /* PathComponentParameterName+Movies.swift in Sources */,
				F8C38AC9293276A00005540A /* FavoritesView.swift in Sources */,
				F8A440D8293296180041E4A0 /* AppConfigurable.swift in Sources */,
				F833B8462930E2CC00A824EB /* ContentView.swift in Sources */,
				F82C77A62934F9D200FF6F65 /* MoviesCollectionView.swift in Sources */,
				F82C77AC29350C8C00FF6F65 /* StyledAsyncImage.swift in Sources */,
				F8A440DE293299AA0041E4A0 /* SessionAuthenticator.swift in Sources */,
				F8A440D5293295090041E4A0 /* RequestParameters.swift in Sources */,
				F83DEBE229360D9500587D21 /* PathComponentParameterName.swift in Sources */,
				F8A440E82932B8B20041E4A0 /* Movies.swift in Sources */,
				F8A440DA293296910041E4A0 /* AppConfiguration.swift in Sources */,
				F8A440CF29328F8C0041E4A0 /* NetworkEndpoint.swift in Sources */,
				F8A440DC2932992A0041E4A0 /* SessionAuthenticating.swift in Sources */,
				F8A440CD29328F150041E4A0 /* DataFetching.swift in Sources */,
				F8A441122933B5BB0041E4A0 /* Movie.swift in Sources */,
				F83DEBE829361CEE00587D21 /* MovieDetails.swift in Sources */,
				F83DEBE62936166D00587D21 /* PathComponentParameter.swift in Sources */,
				F8A441102933AFA20041E4A0 /* MoviesView+ViewModel.swift in Sources */,
				F8C38AC7293275680005540A /* MoviesView.swift in Sources */,
				F833B8442930E2CC00A824EB /* MyMoviesApp.swift in Sources */,
				F8A4410C2933A5FA0041E4A0 /* ImageOverlay.swift in Sources */,
				F8C38ACB293277330005540A /* TabsView.swift in Sources */,
			);
			runOnlyForDeploymentPostprocessing = 0;
		};
		F833B84C2930E2CD00A824EB /* Sources */ = {
			isa = PBXSourcesBuildPhase;
			buildActionMask = 2147483647;
			files = (
				F8A441002932C8880041E4A0 /* MockAppConfiguration.swift in Sources */,
				F8A440FC2932C7CA0041E4A0 /* Person.swift in Sources */,
				F8A440F12932BE170041E4A0 /* RequestParametersTests.swift in Sources */,
				F8A440EF2932BD8B0041E4A0 /* DataFetcherTests.swift in Sources */,
				F8A440F42932C49F0041E4A0 /* MockAuthenticator.swift in Sources */,
			);
			runOnlyForDeploymentPostprocessing = 0;
		};
		F833B8562930E2CD00A824EB /* Sources */ = {
			isa = PBXSourcesBuildPhase;
			buildActionMask = 2147483647;
			files = (
				F833B8612930E2CD00A824EB /* MyMoviesUITestsLaunchTests.swift in Sources */,
				F833B85F2930E2CD00A824EB /* MyMoviesUITests.swift in Sources */,
			);
			runOnlyForDeploymentPostprocessing = 0;
		};
/* End PBXSourcesBuildPhase section */

/* Begin PBXTargetDependency section */
		F833B8522930E2CD00A824EB /* PBXTargetDependency */ = {
			isa = PBXTargetDependency;
			target = F833B83F2930E2CC00A824EB /* MyMovies */;
			targetProxy = F833B8512930E2CD00A824EB /* PBXContainerItemProxy */;
		};
		F833B85C2930E2CD00A824EB /* PBXTargetDependency */ = {
			isa = PBXTargetDependency;
			target = F833B83F2930E2CC00A824EB /* MyMovies */;
			targetProxy = F833B85B2930E2CD00A824EB /* PBXContainerItemProxy */;
		};
/* End PBXTargetDependency section */

/* Begin XCBuildConfiguration section */
		F833B8622930E2CD00A824EB /* Debug */ = {
			isa = XCBuildConfiguration;
			buildSettings = {
				ALWAYS_SEARCH_USER_PATHS = NO;
				CLANG_ANALYZER_NONNULL = YES;
				CLANG_ANALYZER_NUMBER_OBJECT_CONVERSION = YES_AGGRESSIVE;
				CLANG_CXX_LANGUAGE_STANDARD = "gnu++20";
				CLANG_ENABLE_MODULES = YES;
				CLANG_ENABLE_OBJC_ARC = YES;
				CLANG_ENABLE_OBJC_WEAK = YES;
				CLANG_WARN_BLOCK_CAPTURE_AUTORELEASING = YES;
				CLANG_WARN_BOOL_CONVERSION = YES;
				CLANG_WARN_COMMA = YES;
				CLANG_WARN_CONSTANT_CONVERSION = YES;
				CLANG_WARN_DEPRECATED_OBJC_IMPLEMENTATIONS = YES;
				CLANG_WARN_DIRECT_OBJC_ISA_USAGE = YES_ERROR;
				CLANG_WARN_DOCUMENTATION_COMMENTS = YES;
				CLANG_WARN_EMPTY_BODY = YES;
				CLANG_WARN_ENUM_CONVERSION = YES;
				CLANG_WARN_INFINITE_RECURSION = YES;
				CLANG_WARN_INT_CONVERSION = YES;
				CLANG_WARN_NON_LITERAL_NULL_CONVERSION = YES;
				CLANG_WARN_OBJC_IMPLICIT_RETAIN_SELF = YES;
				CLANG_WARN_OBJC_LITERAL_CONVERSION = YES;
				CLANG_WARN_OBJC_ROOT_CLASS = YES_ERROR;
				CLANG_WARN_QUOTED_INCLUDE_IN_FRAMEWORK_HEADER = YES;
				CLANG_WARN_RANGE_LOOP_ANALYSIS = YES;
				CLANG_WARN_STRICT_PROTOTYPES = YES;
				CLANG_WARN_SUSPICIOUS_MOVE = YES;
				CLANG_WARN_UNGUARDED_AVAILABILITY = YES_AGGRESSIVE;
				CLANG_WARN_UNREACHABLE_CODE = YES;
				CLANG_WARN__DUPLICATE_METHOD_MATCH = YES;
				COPY_PHASE_STRIP = NO;
				DEBUG_INFORMATION_FORMAT = dwarf;
				ENABLE_STRICT_OBJC_MSGSEND = YES;
				ENABLE_TESTABILITY = YES;
				GCC_C_LANGUAGE_STANDARD = gnu11;
				GCC_DYNAMIC_NO_PIC = NO;
				GCC_NO_COMMON_BLOCKS = YES;
				GCC_OPTIMIZATION_LEVEL = 0;
				GCC_PREPROCESSOR_DEFINITIONS = (
					"DEBUG=1",
					"$(inherited)",
				);
				GCC_WARN_64_TO_32_BIT_CONVERSION = YES;
				GCC_WARN_ABOUT_RETURN_TYPE = YES_ERROR;
				GCC_WARN_UNDECLARED_SELECTOR = YES;
				GCC_WARN_UNINITIALIZED_AUTOS = YES_AGGRESSIVE;
				GCC_WARN_UNUSED_FUNCTION = YES;
				GCC_WARN_UNUSED_VARIABLE = YES;
				IPHONEOS_DEPLOYMENT_TARGET = 16.0;
				MTL_ENABLE_DEBUG_INFO = INCLUDE_SOURCE;
				MTL_FAST_MATH = YES;
				ONLY_ACTIVE_ARCH = YES;
				SDKROOT = iphoneos;
				SWIFT_ACTIVE_COMPILATION_CONDITIONS = DEBUG;
				SWIFT_OPTIMIZATION_LEVEL = "-Onone";
			};
			name = Debug;
		};
		F833B8632930E2CD00A824EB /* Release */ = {
			isa = XCBuildConfiguration;
			buildSettings = {
				ALWAYS_SEARCH_USER_PATHS = NO;
				CLANG_ANALYZER_NONNULL = YES;
				CLANG_ANALYZER_NUMBER_OBJECT_CONVERSION = YES_AGGRESSIVE;
				CLANG_CXX_LANGUAGE_STANDARD = "gnu++20";
				CLANG_ENABLE_MODULES = YES;
				CLANG_ENABLE_OBJC_ARC = YES;
				CLANG_ENABLE_OBJC_WEAK = YES;
				CLANG_WARN_BLOCK_CAPTURE_AUTORELEASING = YES;
				CLANG_WARN_BOOL_CONVERSION = YES;
				CLANG_WARN_COMMA = YES;
				CLANG_WARN_CONSTANT_CONVERSION = YES;
				CLANG_WARN_DEPRECATED_OBJC_IMPLEMENTATIONS = YES;
				CLANG_WARN_DIRECT_OBJC_ISA_USAGE = YES_ERROR;
				CLANG_WARN_DOCUMENTATION_COMMENTS = YES;
				CLANG_WARN_EMPTY_BODY = YES;
				CLANG_WARN_ENUM_CONVERSION = YES;
				CLANG_WARN_INFINITE_RECURSION = YES;
				CLANG_WARN_INT_CONVERSION = YES;
				CLANG_WARN_NON_LITERAL_NULL_CONVERSION = YES;
				CLANG_WARN_OBJC_IMPLICIT_RETAIN_SELF = YES;
				CLANG_WARN_OBJC_LITERAL_CONVERSION = YES;
				CLANG_WARN_OBJC_ROOT_CLASS = YES_ERROR;
				CLANG_WARN_QUOTED_INCLUDE_IN_FRAMEWORK_HEADER = YES;
				CLANG_WARN_RANGE_LOOP_ANALYSIS = YES;
				CLANG_WARN_STRICT_PROTOTYPES = YES;
				CLANG_WARN_SUSPICIOUS_MOVE = YES;
				CLANG_WARN_UNGUARDED_AVAILABILITY = YES_AGGRESSIVE;
				CLANG_WARN_UNREACHABLE_CODE = YES;
				CLANG_WARN__DUPLICATE_METHOD_MATCH = YES;
				COPY_PHASE_STRIP = NO;
				DEBUG_INFORMATION_FORMAT = "dwarf-with-dsym";
				ENABLE_NS_ASSERTIONS = NO;
				ENABLE_STRICT_OBJC_MSGSEND = YES;
				GCC_C_LANGUAGE_STANDARD = gnu11;
				GCC_NO_COMMON_BLOCKS = YES;
				GCC_WARN_64_TO_32_BIT_CONVERSION = YES;
				GCC_WARN_ABOUT_RETURN_TYPE = YES_ERROR;
				GCC_WARN_UNDECLARED_SELECTOR = YES;
				GCC_WARN_UNINITIALIZED_AUTOS = YES_AGGRESSIVE;
				GCC_WARN_UNUSED_FUNCTION = YES;
				GCC_WARN_UNUSED_VARIABLE = YES;
				IPHONEOS_DEPLOYMENT_TARGET = 16.0;
				MTL_ENABLE_DEBUG_INFO = NO;
				MTL_FAST_MATH = YES;
				SDKROOT = iphoneos;
				SWIFT_COMPILATION_MODE = wholemodule;
				SWIFT_OPTIMIZATION_LEVEL = "-O";
				VALIDATE_PRODUCT = YES;
			};
			name = Release;
		};
		F833B8652930E2CD00A824EB /* Debug */ = {
			isa = XCBuildConfiguration;
			buildSettings = {
				ASSETCATALOG_COMPILER_APPICON_NAME = AppIcon;
				ASSETCATALOG_COMPILER_GLOBAL_ACCENT_COLOR_NAME = AccentColor;
				CODE_SIGN_STYLE = Automatic;
				CURRENT_PROJECT_VERSION = 1;
				DEVELOPMENT_ASSET_PATHS = "\"MyMovies/Preview Content\"";
				DEVELOPMENT_TEAM = 2R9LLP3W6S;
				ENABLE_PREVIEWS = YES;
				GENERATE_INFOPLIST_FILE = YES;
				INFOPLIST_KEY_LSApplicationCategoryType = "public.app-category.entertainment";
				INFOPLIST_KEY_UIApplicationSceneManifest_Generation = YES;
				INFOPLIST_KEY_UIApplicationSupportsIndirectInputEvents = YES;
				INFOPLIST_KEY_UILaunchScreen_Generation = YES;
				INFOPLIST_KEY_UISupportedInterfaceOrientations_iPad = "UIInterfaceOrientationPortrait UIInterfaceOrientationPortraitUpsideDown UIInterfaceOrientationLandscapeLeft UIInterfaceOrientationLandscapeRight";
				INFOPLIST_KEY_UISupportedInterfaceOrientations_iPhone = "UIInterfaceOrientationPortrait UIInterfaceOrientationLandscapeLeft UIInterfaceOrientationLandscapeRight";
				IPHONEOS_DEPLOYMENT_TARGET = 15.0;
				LD_RUNPATH_SEARCH_PATHS = (
					"$(inherited)",
					"@executable_path/Frameworks",
				);
				MARKETING_VERSION = 1.0;
				PRODUCT_BUNDLE_IDENTIFIER = "Bavarskis-Media.MyMovies";
				PRODUCT_NAME = "$(TARGET_NAME)";
				SWIFT_EMIT_LOC_STRINGS = YES;
				SWIFT_VERSION = 5.0;
				TARGETED_DEVICE_FAMILY = "1,2";
			};
			name = Debug;
		};
		F833B8662930E2CD00A824EB /* Release */ = {
			isa = XCBuildConfiguration;
			buildSettings = {
				ASSETCATALOG_COMPILER_APPICON_NAME = AppIcon;
				ASSETCATALOG_COMPILER_GLOBAL_ACCENT_COLOR_NAME = AccentColor;
				CODE_SIGN_STYLE = Automatic;
				CURRENT_PROJECT_VERSION = 1;
				DEVELOPMENT_ASSET_PATHS = "\"MyMovies/Preview Content\"";
				DEVELOPMENT_TEAM = 2R9LLP3W6S;
				ENABLE_PREVIEWS = YES;
				GENERATE_INFOPLIST_FILE = YES;
				INFOPLIST_KEY_LSApplicationCategoryType = "public.app-category.entertainment";
				INFOPLIST_KEY_UIApplicationSceneManifest_Generation = YES;
				INFOPLIST_KEY_UIApplicationSupportsIndirectInputEvents = YES;
				INFOPLIST_KEY_UILaunchScreen_Generation = YES;
				INFOPLIST_KEY_UISupportedInterfaceOrientations_iPad = "UIInterfaceOrientationPortrait UIInterfaceOrientationPortraitUpsideDown UIInterfaceOrientationLandscapeLeft UIInterfaceOrientationLandscapeRight";
				INFOPLIST_KEY_UISupportedInterfaceOrientations_iPhone = "UIInterfaceOrientationPortrait UIInterfaceOrientationLandscapeLeft UIInterfaceOrientationLandscapeRight";
				IPHONEOS_DEPLOYMENT_TARGET = 15.0;
				LD_RUNPATH_SEARCH_PATHS = (
					"$(inherited)",
					"@executable_path/Frameworks",
				);
				MARKETING_VERSION = 1.0;
				PRODUCT_BUNDLE_IDENTIFIER = "Bavarskis-Media.MyMovies";
				PRODUCT_NAME = "$(TARGET_NAME)";
				SWIFT_EMIT_LOC_STRINGS = YES;
				SWIFT_VERSION = 5.0;
				TARGETED_DEVICE_FAMILY = "1,2";
			};
			name = Release;
		};
		F833B8682930E2CD00A824EB /* Debug */ = {
			isa = XCBuildConfiguration;
			buildSettings = {
				ALWAYS_EMBED_SWIFT_STANDARD_LIBRARIES = YES;
				BUNDLE_LOADER = "$(TEST_HOST)";
				CODE_SIGN_STYLE = Automatic;
				CURRENT_PROJECT_VERSION = 1;
				DEVELOPMENT_TEAM = 2R9LLP3W6S;
				GENERATE_INFOPLIST_FILE = YES;
				IPHONEOS_DEPLOYMENT_TARGET = 16.0;
				MARKETING_VERSION = 1.0;
				PRODUCT_BUNDLE_IDENTIFIER = "Bavarskis-Media.MyMoviesTests";
				PRODUCT_NAME = "$(TARGET_NAME)";
				SWIFT_EMIT_LOC_STRINGS = NO;
				SWIFT_VERSION = 5.0;
				TARGETED_DEVICE_FAMILY = "1,2";
				TEST_HOST = "$(BUILT_PRODUCTS_DIR)/MyMovies.app/$(BUNDLE_EXECUTABLE_FOLDER_PATH)/MyMovies";
			};
			name = Debug;
		};
		F833B8692930E2CD00A824EB /* Release */ = {
			isa = XCBuildConfiguration;
			buildSettings = {
				ALWAYS_EMBED_SWIFT_STANDARD_LIBRARIES = YES;
				BUNDLE_LOADER = "$(TEST_HOST)";
				CODE_SIGN_STYLE = Automatic;
				CURRENT_PROJECT_VERSION = 1;
				DEVELOPMENT_TEAM = 2R9LLP3W6S;
				GENERATE_INFOPLIST_FILE = YES;
				IPHONEOS_DEPLOYMENT_TARGET = 16.0;
				MARKETING_VERSION = 1.0;
				PRODUCT_BUNDLE_IDENTIFIER = "Bavarskis-Media.MyMoviesTests";
				PRODUCT_NAME = "$(TARGET_NAME)";
				SWIFT_EMIT_LOC_STRINGS = NO;
				SWIFT_VERSION = 5.0;
				TARGETED_DEVICE_FAMILY = "1,2";
				TEST_HOST = "$(BUILT_PRODUCTS_DIR)/MyMovies.app/$(BUNDLE_EXECUTABLE_FOLDER_PATH)/MyMovies";
			};
			name = Release;
		};
		F833B86B2930E2CD00A824EB /* Debug */ = {
			isa = XCBuildConfiguration;
			buildSettings = {
				ALWAYS_EMBED_SWIFT_STANDARD_LIBRARIES = YES;
				CODE_SIGN_STYLE = Automatic;
				CURRENT_PROJECT_VERSION = 1;
				DEVELOPMENT_TEAM = 2R9LLP3W6S;
				GENERATE_INFOPLIST_FILE = YES;
				MARKETING_VERSION = 1.0;
				PRODUCT_BUNDLE_IDENTIFIER = "Bavarskis-Media.MyMoviesUITests";
				PRODUCT_NAME = "$(TARGET_NAME)";
				SWIFT_EMIT_LOC_STRINGS = NO;
				SWIFT_VERSION = 5.0;
				TARGETED_DEVICE_FAMILY = "1,2";
				TEST_TARGET_NAME = MyMovies;
			};
			name = Debug;
		};
		F833B86C2930E2CD00A824EB /* Release */ = {
			isa = XCBuildConfiguration;
			buildSettings = {
				ALWAYS_EMBED_SWIFT_STANDARD_LIBRARIES = YES;
				CODE_SIGN_STYLE = Automatic;
				CURRENT_PROJECT_VERSION = 1;
				DEVELOPMENT_TEAM = 2R9LLP3W6S;
				GENERATE_INFOPLIST_FILE = YES;
				MARKETING_VERSION = 1.0;
				PRODUCT_BUNDLE_IDENTIFIER = "Bavarskis-Media.MyMoviesUITests";
				PRODUCT_NAME = "$(TARGET_NAME)";
				SWIFT_EMIT_LOC_STRINGS = NO;
				SWIFT_VERSION = 5.0;
				TARGETED_DEVICE_FAMILY = "1,2";
				TEST_TARGET_NAME = MyMovies;
			};
			name = Release;
		};
/* End XCBuildConfiguration section */

/* Begin XCConfigurationList section */
		F833B83B2930E2CC00A824EB /* Build configuration list for PBXProject "MyMovies" */ = {
			isa = XCConfigurationList;
			buildConfigurations = (
				F833B8622930E2CD00A824EB /* Debug */,
				F833B8632930E2CD00A824EB /* Release */,
			);
			defaultConfigurationIsVisible = 0;
			defaultConfigurationName = Release;
		};
		F833B8642930E2CD00A824EB /* Build configuration list for PBXNativeTarget "MyMovies" */ = {
			isa = XCConfigurationList;
			buildConfigurations = (
				F833B8652930E2CD00A824EB /* Debug */,
				F833B8662930E2CD00A824EB /* Release */,
			);
			defaultConfigurationIsVisible = 0;
			defaultConfigurationName = Release;
		};
		F833B8672930E2CD00A824EB /* Build configuration list for PBXNativeTarget "MyMoviesTests" */ = {
			isa = XCConfigurationList;
			buildConfigurations = (
				F833B8682930E2CD00A824EB /* Debug */,
				F833B8692930E2CD00A824EB /* Release */,
			);
			defaultConfigurationIsVisible = 0;
			defaultConfigurationName = Release;
		};
		F833B86A2930E2CD00A824EB /* Build configuration list for PBXNativeTarget "MyMoviesUITests" */ = {
			isa = XCConfigurationList;
			buildConfigurations = (
				F833B86B2930E2CD00A824EB /* Debug */,
				F833B86C2930E2CD00A824EB /* Release */,
			);
			defaultConfigurationIsVisible = 0;
			defaultConfigurationName = Release;
		};
/* End XCConfigurationList section */
	};
	rootObject = F833B8382930E2CC00A824EB /* Project object */;
}
